PODS:
  - composeApp (1.0)
  - FirebaseAnalytics (11.5.0):
    - FirebaseAnalytics/AdIdSupport (= 11.5.0)
    - FirebaseCore (= 11.5)
    - FirebaseInstallations (~> 11.0)
    - GoogleUtilities/AppDelegateSwizzler (~> 8.0)
    - GoogleUtilities/MethodSwizzler (~> 8.0)
    - GoogleUtilities/Network (~> 8.0)
    - "GoogleUtilities/NSData+zlib (~> 8.0)"
    - nanopb (~> 3.30910.0)
  - FirebaseAnalytics/AdIdSupport (11.5.0):
    - FirebaseCore (= 11.5)
    - FirebaseInstallations (~> 11.0)
    - GoogleAppMeasurement (= 11.5.0)
    - GoogleUtilities/AppDelegateSwizzler (~> 8.0)
    - GoogleUtilities/MethodSwizzler (~> 8.0)
    - GoogleUtilities/Network (~> 8.0)
    - "GoogleUtilities/NSData+zlib (~> 8.0)"
    - nanopb (~> 3.30910.0)
  - FirebaseCore (11.5.0):
    - FirebaseCoreInternal (= 11.5)
    - GoogleUtilities/Environment (~> 8.0)
    - GoogleUtilities/Logger (~> 8.0)
  - FirebaseCoreExtension (11.5.0):
    - FirebaseCore (= 11.5)
  - FirebaseCoreInternal (11.5.0):
    - "GoogleUtilities/NSData+zlib (~> 8.0)"
  - FirebaseCrashlytics (11.5.0):
    - FirebaseCore (= 11.5)
    - FirebaseInstallations (~> 11.0)
    - FirebaseRemoteConfigInterop (~> 11.0)
    - FirebaseSessions (~> 11.0)
    - GoogleDataTransport (~> 10.0)
    - GoogleUtilities/Environment (~> 8.0)
    - nanopb (~> 3.30910.0)
    - PromisesObjC (~> 2.4)
  - FirebaseInstallations (11.5.0):
    - FirebaseCore (= 11.5)
    - GoogleUtilities/Environment (~> 8.0)
    - GoogleUtilities/UserDefaults (~> 8.0)
    - PromisesObjC (~> 2.4)
  - FirebaseRemoteConfigInterop (11.5.0)
  - FirebaseSessions (11.5.0):
    - FirebaseCore (= 11.5)
    - FirebaseCoreExtension (= 11.5)
    - FirebaseInstallations (~> 11.0)
    - GoogleDataTransport (~> 10.0)
    - GoogleUtilities/Environment (~> 8.0)
    - GoogleUtilities/UserDefaults (~> 8.0)
    - nanopb (~> 3.30910.0)
    - PromisesSwift (~> 2.1)
  - google-cast-sdk (4.8.3):
    - Protobuf (~> 3.13)
  - GoogleAppMeasurement (11.5.0):
    - GoogleAppMeasurement/AdIdSupport (= 11.5.0)
    - GoogleUtilities/AppDelegateSwizzler (~> 8.0)
    - GoogleUtilities/MethodSwizzler (~> 8.0)
    - GoogleUtilities/Network (~> 8.0)
    - "GoogleUtilities/NSData+zlib (~> 8.0)"
    - nanopb (~> 3.30910.0)
  - GoogleAppMeasurement/AdIdSupport (11.5.0):
    - GoogleAppMeasurement/WithoutAdIdSupport (= 11.5.0)
    - GoogleUtilities/AppDelegateSwizzler (~> 8.0)
    - GoogleUtilities/MethodSwizzler (~> 8.0)
    - GoogleUtilities/Network (~> 8.0)
    - "GoogleUtilities/NSData+zlib (~> 8.0)"
    - nanopb (~> 3.30910.0)
  - GoogleAppMeasurement/WithoutAdIdSupport (11.5.0):
    - GoogleUtilities/AppDelegateSwizzler (~> 8.0)
    - GoogleUtilities/MethodSwizzler (~> 8.0)
    - GoogleUtilities/Network (~> 8.0)
    - "GoogleUtilities/NSData+zlib (~> 8.0)"
    - nanopb (~> 3.30910.0)
  - GoogleDataTransport (10.1.0):
    - nanopb (~> 3.30910.0)
    - PromisesObjC (~> 2.4)
  - GoogleUtilities/AppDelegateSwizzler (8.0.2):
    - GoogleUtilities/Environment
    - GoogleUtilities/Logger
    - GoogleUtilities/Network
    - GoogleUtilities/Privacy
  - GoogleUtilities/Environment (8.0.2):
    - GoogleUtilities/Privacy
  - GoogleUtilities/Logger (8.0.2):
    - GoogleUtilities/Environment
    - GoogleUtilities/Privacy
  - GoogleUtilities/MethodSwizzler (8.0.2):
    - GoogleUtilities/Logger
    - GoogleUtilities/Privacy
  - GoogleUtilities/Network (8.0.2):
    - GoogleUtilities/Logger
    - "GoogleUtilities/NSData+zlib"
    - GoogleUtilities/Privacy
    - GoogleUtilities/Reachability
  - "GoogleUtilities/NSData+zlib (8.0.2)":
    - GoogleUtilities/Privacy
  - GoogleUtilities/Privacy (8.0.2)
  - GoogleUtilities/Reachability (8.0.2):
    - GoogleUtilities/Logger
    - GoogleUtilities/Privacy
  - GoogleUtilities/UserDefaults (8.0.2):
    - GoogleUtilities/Logger
    - GoogleUtilities/Privacy
  - Kingfisher (8.1.1)
  - nanopb (3.30910.0):
    - nanopb/decode (= 3.30910.0)
    - nanopb/encode (= 3.30910.0)
  - nanopb/decode (3.30910.0)
  - nanopb/encode (3.30910.0)
  - OneSignal (5.2.8):
    - OneSignal/OneSignalComplete (= 5.2.8)
  - OneSignal/OneSignal (5.2.8):
    - OneSignal/OneSignalCore
    - OneSignal/OneSignalExtension
    - OneSignal/OneSignalLiveActivities
    - OneSignal/OneSignalNotifications
    - OneSignal/OneSignalOSCore
    - OneSignal/OneSignalOutcomes
    - OneSignal/OneSignalUser
  - OneSignal/OneSignalComplete (5.2.8):
    - OneSignal/OneSignal
    - OneSignal/OneSignalInAppMessages
    - OneSignal/OneSignalLocation
  - OneSignal/OneSignalCore (5.2.8)
  - OneSignal/OneSignalExtension (5.2.8):
    - OneSignal/OneSignalCore
    - OneSignal/OneSignalOutcomes
  - OneSignal/OneSignalInAppMessages (5.2.8):
    - OneSignal/OneSignalCore
    - OneSignal/OneSignalNotifications
    - OneSignal/OneSignalOSCore
    - OneSignal/OneSignalOutcomes
    - OneSignal/OneSignalUser
  - OneSignal/OneSignalLiveActivities (5.2.8):
    - OneSignal/OneSignalCore
    - OneSignal/OneSignalOSCore
    - OneSignal/OneSignalUser
  - OneSignal/OneSignalLocation (5.2.8):
    - OneSignal/OneSignalCore
    - OneSignal/OneSignalNotifications
    - OneSignal/OneSignalOSCore
    - OneSignal/OneSignalUser
  - OneSignal/OneSignalNotifications (5.2.8):
    - OneSignal/OneSignalCore
    - OneSignal/OneSignalExtension
    - OneSignal/OneSignalOutcomes
  - OneSignal/OneSignalOSCore (5.2.8):
    - OneSignal/OneSignalCore
  - OneSignal/OneSignalOutcomes (5.2.8):
    - OneSignal/OneSignalCore
  - OneSignal/OneSignalUser (5.2.8):
    - OneSignal/OneSignalCore
    - OneSignal/OneSignalNotifications
    - OneSignal/OneSignalOSCore
    - OneSignal/OneSignalOutcomes
  - PromisesObjC (2.4.0)
  - PromisesSwift (2.4.0):
    - PromisesObjC (= 2.4.0)
  - Protobuf (3.28.3)
  - XMLDictionary (1.4.1)

DEPENDENCIES:
  - composeApp (from `../composeApp/`)
  - FirebaseAnalytics (= 11.5.0)
  - FirebaseCore (= 11.5.0)
  - FirebaseCrashlytics (= 11.5.0)
  - google-cast-sdk (= 4.8.3)
  - Kingfisher (= 8.1.1)
  - OneSignal (= 5.2.8)
  - XMLDictionary (~> 1.4.1)

SPEC REPOS:
  trunk:
    - FirebaseAnalytics
    - FirebaseCore
    - FirebaseCoreExtension
    - FirebaseCoreInternal
    - FirebaseCrashlytics
    - FirebaseInstallations
    - FirebaseRemoteConfigInterop
    - FirebaseSessions
    - google-cast-sdk
    - GoogleAppMeasurement
    - GoogleDataTransport
    - GoogleUtilities
    - Kingfisher
    - nanopb
    - OneSignal
    - PromisesObjC
    - PromisesSwift
    - Protobuf
    - XMLDictionary

EXTERNAL SOURCES:
  composeApp:
    :path: "../composeApp/"

SPEC CHECKSUMS:
  composeApp: 73c6cb843c7cf5f2b9e33a01979868114cbdc10c
  FirebaseAnalytics: 2f4a11eeb7a0e9c6fcf642d4e6aaca7fa4d38c28
  FirebaseCore: 93abc05437f8064cd2bc0a53b768fb0bc5a1d006
  FirebaseCoreExtension: ddb2eb987f736b714d30f6386795b52c4670439e
  FirebaseCoreInternal: f47dd28ae7782e6a4738aad3106071a8fe0af604
  FirebaseCrashlytics: 94c11c3bf296fde8c18f2c9f8e76bd9349227038
  FirebaseInstallations: d8063d302a426d114ac531cd82b1e335a0565745
  FirebaseRemoteConfigInterop: 7a7aebb9342d53913a5c890efa88e289d9e5c1bc
  FirebaseSessions: b252b3f91a51186188882ea8e7e1730fc1eee391
  google-cast-sdk: 1fb6724e94cc5ff23b359176e0cf6360586bb97a
  GoogleAppMeasurement: ee5c2d2242816773fbf79e5b0563f5355ef1c315
  GoogleDataTransport: aae35b7ea0c09004c3797d53c8c41f66f219d6a7
  GoogleUtilities: 26a3abef001b6533cf678d3eb38fd3f614b7872d
  Kingfisher: fc2788e497306f97fdef6e4df49f02106cb57788
  nanopb: fad817b59e0457d11a5dfbde799381cd727c1275
  OneSignal: bfebe62405069daf7267ba60fbfd4946184a98e1
  PromisesObjC: f5707f49cb48b9636751c5b2e7d227e43fba9f47
  PromisesSwift: 9d77319bbe72ebf6d872900551f7eeba9bce2851
  Protobuf: 5a8a7781d8e1004302f108977ac2d5b99323146f
  XMLDictionary: fa07b6ff422b3a91d47a5de9bc82e3fc04fbd167

PODFILE CHECKSUM: 51da2a7578af3659931d77c49cdfd16ed95c98d4

COCOAPODS: 1.16.1
